// !$*UTF8*$!
{
	archiveVersion = 1;
	classes = {
	};
	objectVersion = 56;
	objects = {

/* Begin PBXBuildFile section */
		B02BAB6C2BA05A19002BBE4B /* MainTabBarViewController.swift in Sources */ = {isa = PBXBuildFile; fileRef = B02BAB6B2BA05A19002BBE4B /* MainTabBarViewController.swift */; };
		B02BAB6E2BA0671D002BBE4B /* RepoViewController.swift in Sources */ = {isa = PBXBuildFile; fileRef = B02BAB6D2BA0671D002BBE4B /* RepoViewController.swift */; };
		B02BAB732BA078EF002BBE4B /* StarsViewController.swift in Sources */ = {isa = PBXBuildFile; fileRef = B02BAB722BA078EE002BBE4B /* StarsViewController.swift */; };
		B02BAB772BA080B6002BBE4B /* StarsCollectionViewCell.swift in Sources */ = {isa = PBXBuildFile; fileRef = B02BAB762BA080B6002BBE4B /* StarsCollectionViewCell.swift */; };
		B064F0A12B96735C00C3C514 /* AppDelegate.swift in Sources */ = {isa = PBXBuildFile; fileRef = B064F0A02B96735C00C3C514 /* AppDelegate.swift */; };
		B064F0A32B96735C00C3C514 /* SceneDelegate.swift in Sources */ = {isa = PBXBuildFile; fileRef = B064F0A22B96735C00C3C514 /* SceneDelegate.swift */; };
		B064F0A52B96735C00C3C514 /* HomeViewController.swift in Sources */ = {isa = PBXBuildFile; fileRef = B064F0A42B96735C00C3C514 /* HomeViewController.swift */; };
		B064F0AA2B96735E00C3C514 /* Assets.xcassets in Resources */ = {isa = PBXBuildFile; fileRef = B064F0A92B96735E00C3C514 /* Assets.xcassets */; };
		B064F0AD2B96735E00C3C514 /* LaunchScreen.storyboard in Resources */ = {isa = PBXBuildFile; fileRef = B064F0AB2B96735E00C3C514 /* LaunchScreen.storyboard */; };
		B064F0B82B96756B00C3C514 /* GithubUser.swift in Sources */ = {isa = PBXBuildFile; fileRef = B064F0B72B96756B00C3C514 /* GithubUser.swift */; };
		B0AAEF382B9D4253006D81AC /* APICaller.swift in Sources */ = {isa = PBXBuildFile; fileRef = B0AAEF372B9D4253006D81AC /* APICaller.swift */; };
		B0AAEF3D2B9D525D006D81AC /* Extensions.swift in Sources */ = {isa = PBXBuildFile; fileRef = B0AAEF3C2B9D525D006D81AC /* Extensions.swift */; };
		B0AAEF402B9D5338006D81AC /* SDWebImage in Frameworks */ = {isa = PBXBuildFile; productRef = B0AAEF3F2B9D5338006D81AC /* SDWebImage */; };
		B0AAEF422B9D5338006D81AC /* SDWebImageMapKit in Frameworks */ = {isa = PBXBuildFile; productRef = B0AAEF412B9D5338006D81AC /* SDWebImageMapKit */; };
		B0AAEF442B9E83A0006D81AC /* GithupRepo.swift in Sources */ = {isa = PBXBuildFile; fileRef = B0AAEF432B9E83A0006D81AC /* GithupRepo.swift */; };
		B0AAEF462B9EC964006D81AC /* UserData.swift in Sources */ = {isa = PBXBuildFile; fileRef = B0AAEF452B9EC964006D81AC /* UserData.swift */; };
		B0AAEF4B2B9EF959006D81AC /* CollectionViewTableViewCell.swift in Sources */ = {isa = PBXBuildFile; fileRef = B0AAEF4A2B9EF959006D81AC /* CollectionViewTableViewCell.swift */; };
		B0AAEF4D2B9F08BD006D81AC /* HeaderUIView.swift in Sources */ = {isa = PBXBuildFile; fileRef = B0AAEF4C2B9F08BD006D81AC /* HeaderUIView.swift */; };
		B0AAEF502B9F2B8A006D81AC /* HeaderViewModel.swift in Sources */ = {isa = PBXBuildFile; fileRef = B0AAEF4F2B9F2B8A006D81AC /* HeaderViewModel.swift */; };
/* End PBXBuildFile section */

/* Begin PBXFileReference section */
		B02BAB6B2BA05A19002BBE4B /* MainTabBarViewController.swift */ = {isa = PBXFileReference; lastKnownFileType = sourcecode.swift; path = MainTabBarViewController.swift; sourceTree = "<group>"; };
		B02BAB6D2BA0671D002BBE4B /* RepoViewController.swift */ = {isa = PBXFileReference; lastKnownFileType = sourcecode.swift; path = RepoViewController.swift; sourceTree = "<group>"; };
		B02BAB722BA078EE002BBE4B /* StarsViewController.swift */ = {isa = PBXFileReference; lastKnownFileType = sourcecode.swift; path = StarsViewController.swift; sourceTree = "<group>"; };
		B02BAB762BA080B6002BBE4B /* StarsCollectionViewCell.swift */ = {isa = PBXFileReference; lastKnownFileType = sourcecode.swift; path = StarsCollectionViewCell.swift; sourceTree = "<group>"; };
		B064F09D2B96735C00C3C514 /* DevProfile.app */ = {isa = PBXFileReference; explicitFileType = wrapper.application; includeInIndex = 0; path = DevProfile.app; sourceTree = BUILT_PRODUCTS_DIR; };
		B064F0A02B96735C00C3C514 /* AppDelegate.swift */ = {isa = PBXFileReference; lastKnownFileType = sourcecode.swift; path = AppDelegate.swift; sourceTree = "<group>"; };
		B064F0A22B96735C00C3C514 /* SceneDelegate.swift */ = {isa = PBXFileReference; lastKnownFileType = sourcecode.swift; path = SceneDelegate.swift; sourceTree = "<group>"; };
		B064F0A42B96735C00C3C514 /* HomeViewController.swift */ = {isa = PBXFileReference; lastKnownFileType = sourcecode.swift; path = HomeViewController.swift; sourceTree = "<group>"; };
		B064F0A92B96735E00C3C514 /* Assets.xcassets */ = {isa = PBXFileReference; lastKnownFileType = folder.assetcatalog; path = Assets.xcassets; sourceTree = "<group>"; };
		B064F0AC2B96735E00C3C514 /* Base */ = {isa = PBXFileReference; lastKnownFileType = file.storyboard; name = Base; path = Base.lproj/LaunchScreen.storyboard; sourceTree = "<group>"; };
		B064F0AE2B96735E00C3C514 /* Info.plist */ = {isa = PBXFileReference; lastKnownFileType = text.plist.xml; path = Info.plist; sourceTree = "<group>"; };
		B064F0B72B96756B00C3C514 /* GithubUser.swift */ = {isa = PBXFileReference; lastKnownFileType = sourcecode.swift; path = GithubUser.swift; sourceTree = "<group>"; };
		B0AAEF372B9D4253006D81AC /* APICaller.swift */ = {isa = PBXFileReference; lastKnownFileType = sourcecode.swift; path = APICaller.swift; sourceTree = "<group>"; };
		B0AAEF3C2B9D525D006D81AC /* Extensions.swift */ = {isa = PBXFileReference; lastKnownFileType = sourcecode.swift; path = Extensions.swift; sourceTree = "<group>"; };
		B0AAEF432B9E83A0006D81AC /* GithupRepo.swift */ = {isa = PBXFileReference; lastKnownFileType = sourcecode.swift; path = GithupRepo.swift; sourceTree = "<group>"; };
		B0AAEF452B9EC964006D81AC /* UserData.swift */ = {isa = PBXFileReference; lastKnownFileType = sourcecode.swift; path = UserData.swift; sourceTree = "<group>"; };
		B0AAEF4A2B9EF959006D81AC /* CollectionViewTableViewCell.swift */ = {isa = PBXFileReference; lastKnownFileType = sourcecode.swift; path = CollectionViewTableViewCell.swift; sourceTree = "<group>"; };
		B0AAEF4C2B9F08BD006D81AC /* HeaderUIView.swift */ = {isa = PBXFileReference; lastKnownFileType = sourcecode.swift; path = HeaderUIView.swift; sourceTree = "<group>"; };
		B0AAEF4F2B9F2B8A006D81AC /* HeaderViewModel.swift */ = {isa = PBXFileReference; lastKnownFileType = sourcecode.swift; path = HeaderViewModel.swift; sourceTree = "<group>"; };
/* End PBXFileReference section */

/* Begin PBXFrameworksBuildPhase section */
		B064F09A2B96735C00C3C514 /* Frameworks */ = {
			isa = PBXFrameworksBuildPhase;
			buildActionMask = 2147483647;
			files = (
				B0AAEF422B9D5338006D81AC /* SDWebImageMapKit in Frameworks */,
				B0AAEF402B9D5338006D81AC /* SDWebImage in Frameworks */,
			);
			runOnlyForDeploymentPostprocessing = 0;
		};
/* End PBXFrameworksBuildPhase section */

/* Begin PBXGroup section */
		B019767B2BB1CF8000C4B2FD /* Delegate */ = {
			isa = PBXGroup;
			children = (
				B064F0A22B96735C00C3C514 /* SceneDelegate.swift */,
				B064F0A02B96735C00C3C514 /* AppDelegate.swift */,
			);
			path = Delegate;
			sourceTree = "<group>";
		};
		B019767C2BB1CF9D00C4B2FD /* Files */ = {
			isa = PBXGroup;
			children = (
				B064F0A92B96735E00C3C514 /* Assets.xcassets */,
				B064F0AB2B96735E00C3C514 /* LaunchScreen.storyboard */,
				B064F0AE2B96735E00C3C514 /* Info.plist */,
			);
			name = Files;
			sourceTree = "<group>";
		};
		B064F0942B96735C00C3C514 = {
			isa = PBXGroup;
			children = (
				B064F09F2B96735C00C3C514 /* DevProfile */,
				B064F09E2B96735C00C3C514 /* Products */,
			);
			sourceTree = "<group>";
		};
		B064F09E2B96735C00C3C514 /* Products */ = {
			isa = PBXGroup;
			children = (
				B064F09D2B96735C00C3C514 /* DevProfile.app */,
			);
			name = Products;
			sourceTree = "<group>";
		};
		B064F09F2B96735C00C3C514 /* DevProfile */ = {
			isa = PBXGroup;
			children = (
				B019767C2BB1CF9D00C4B2FD /* Files */,
				B019767B2BB1CF8000C4B2FD /* Delegate */,
				B0AAEF362B9D4240006D81AC /* Managers */,
				B0AAEF3B2B9D5239006D81AC /* Resources */,
				B0AAEF482B9EF84B006D81AC /* ViewModels */,
				B064F0B62B96754F00C3C514 /* Models */,
				B0AAEF492B9EF8A5006D81AC /* Views */,
				B064F0B42B9674FE00C3C514 /* Controllers */,
				B02BAB6B2BA05A19002BBE4B /* MainTabBarViewController.swift */,
			);
			path = DevProfile;
			sourceTree = "<group>";
		};
		B064F0B42B9674FE00C3C514 /* Controllers */ = {
			isa = PBXGroup;
			children = (
				B064F0A42B96735C00C3C514 /* HomeViewController.swift */,
				B02BAB6D2BA0671D002BBE4B /* RepoViewController.swift */,
				B02BAB722BA078EE002BBE4B /* StarsViewController.swift */,
			);
			path = Controllers;
			sourceTree = "<group>";
		};
		B064F0B62B96754F00C3C514 /* Models */ = {
			isa = PBXGroup;
			children = (
				B064F0B72B96756B00C3C514 /* GithubUser.swift */,
				B0AAEF432B9E83A0006D81AC /* GithupRepo.swift */,
			);
			path = Models;
			sourceTree = "<group>";
		};
		B0AAEF362B9D4240006D81AC /* Managers */ = {
			isa = PBXGroup;
			children = (
				B0AAEF372B9D4253006D81AC /* APICaller.swift */,
			);
			path = Managers;
			sourceTree = "<group>";
		};
		B0AAEF3B2B9D5239006D81AC /* Resources */ = {
			isa = PBXGroup;
			children = (
				B0AAEF3C2B9D525D006D81AC /* Extensions.swift */,
			);
			path = Resources;
			sourceTree = "<group>";
		};
		B0AAEF482B9EF84B006D81AC /* ViewModels */ = {
			isa = PBXGroup;
			children = (
				B0AAEF452B9EC964006D81AC /* UserData.swift */,
				B0AAEF4F2B9F2B8A006D81AC /* HeaderViewModel.swift */,
			);
			path = ViewModels;
			sourceTree = "<group>";
		};
		B0AAEF492B9EF8A5006D81AC /* Views */ = {
			isa = PBXGroup;
			children = (
				B0AAEF4A2B9EF959006D81AC /* CollectionViewTableViewCell.swift */,
				B0AAEF4C2B9F08BD006D81AC /* HeaderUIView.swift */,
				B02BAB762BA080B6002BBE4B /* StarsCollectionViewCell.swift */,
			);
			path = Views;
			sourceTree = "<group>";
		};
/* End PBXGroup section */

/* Begin PBXNativeTarget section */
		B064F09C2B96735C00C3C514 /* DevProfile */ = {
			isa = PBXNativeTarget;
			buildConfigurationList = B064F0B12B96735E00C3C514 /* Build configuration list for PBXNativeTarget "DevProfile" */;
			buildPhases = (
				B064F0992B96735C00C3C514 /* Sources */,
				B064F09A2B96735C00C3C514 /* Frameworks */,
				B064F09B2B96735C00C3C514 /* Resources */,
			);
			buildRules = (
			);
			dependencies = (
			);
			name = DevProfile;
			packageProductDependencies = (
				B0AAEF3F2B9D5338006D81AC /* SDWebImage */,
				B0AAEF412B9D5338006D81AC /* SDWebImageMapKit */,
			);
			productName = DevProfile;
			productReference = B064F09D2B96735C00C3C514 /* DevProfile.app */;
			productType = "com.apple.product-type.application";
		};
/* End PBXNativeTarget section */

/* Begin PBXProject section */
		B064F0952B96735C00C3C514 /* Project object */ = {
			isa = PBXProject;
			attributes = {
				BuildIndependentTargetsInParallel = 1;
				LastSwiftUpdateCheck = 1520;
				LastUpgradeCheck = 1520;
				TargetAttributes = {
					B064F09C2B96735C00C3C514 = {
						CreatedOnToolsVersion = 15.2;
					};
				};
			};
			buildConfigurationList = B064F0982B96735C00C3C514 /* Build configuration list for PBXProject "DevProfile" */;
			compatibilityVersion = "Xcode 14.0";
			developmentRegion = en;
			hasScannedForEncodings = 0;
			knownRegions = (
				en,
				Base,
			);
			mainGroup = B064F0942B96735C00C3C514;
			packageReferences = (
				B0AAEF3E2B9D5338006D81AC /* XCRemoteSwiftPackageReference "SDWebImage" */,
			);
			productRefGroup = B064F09E2B96735C00C3C514 /* Products */;
			projectDirPath = "";
			projectRoot = "";
			targets = (
				B064F09C2B96735C00C3C514 /* DevProfile */,
			);
		};
/* End PBXProject section */

/* Begin PBXResourcesBuildPhase section */
		B064F09B2B96735C00C3C514 /* Resources */ = {
			isa = PBXResourcesBuildPhase;
			buildActionMask = 2147483647;
			files = (
				B064F0AD2B96735E00C3C514 /* LaunchScreen.storyboard in Resources */,
				B064F0AA2B96735E00C3C514 /* Assets.xcassets in Resources */,
			);
			runOnlyForDeploymentPostprocessing = 0;
		};
/* End PBXResourcesBuildPhase section */

/* Begin PBXSourcesBuildPhase section */
		B064F0992B96735C00C3C514 /* Sources */ = {
			isa = PBXSourcesBuildPhase;
			buildActionMask = 2147483647;
			files = (
				B0AAEF4B2B9EF959006D81AC /* CollectionViewTableViewCell.swift in Sources */,
				B064F0B82B96756B00C3C514 /* GithubUser.swift in Sources */,
				B0AAEF462B9EC964006D81AC /* UserData.swift in Sources */,
				B0AAEF442B9E83A0006D81AC /* GithupRepo.swift in Sources */,
				B0AAEF502B9F2B8A006D81AC /* HeaderViewModel.swift in Sources */,
				B02BAB6E2BA0671D002BBE4B /* RepoViewController.swift in Sources */,
				B0AAEF4D2B9F08BD006D81AC /* HeaderUIView.swift in Sources */,
				B02BAB6C2BA05A19002BBE4B /* MainTabBarViewController.swift in Sources */,
				B02BAB732BA078EF002BBE4B /* StarsViewController.swift in Sources */,
				B064F0A52B96735C00C3C514 /* HomeViewController.swift in Sources */,
				B0AAEF382B9D4253006D81AC /* APICaller.swift in Sources */,
				B064F0A12B96735C00C3C514 /* AppDelegate.swift in Sources */,
				B02BAB772BA080B6002BBE4B /* StarsCollectionViewCell.swift in Sources */,
				B064F0A32B96735C00C3C514 /* SceneDelegate.swift in Sources */,
				B0AAEF3D2B9D525D006D81AC /* Extensions.swift in Sources */,
			);
			runOnlyForDeploymentPostprocessing = 0;
		};
/* End PBXSourcesBuildPhase section */

/* Begin PBXVariantGroup section */
		B064F0AB2B96735E00C3C514 /* LaunchScreen.storyboard */ = {
			isa = PBXVariantGroup;
			children = (
				B064F0AC2B96735E00C3C514 /* Base */,
			);
			name = LaunchScreen.storyboard;
			sourceTree = "<group>";
		};
/* End PBXVariantGroup section */

/* Begin XCBuildConfiguration section */
		B064F0AF2B96735E00C3C514 /* Debug */ = {
			isa = XCBuildConfiguration;
			buildSettings = {
				ALWAYS_SEARCH_USER_PATHS = NO;
				ASSETCATALOG_COMPILER_GENERATE_SWIFT_ASSET_SYMBOL_EXTENSIONS = YES;
				CLANG_ANALYZER_NONNULL = YES;
				CLANG_ANALYZER_NUMBER_OBJECT_CONVERSION = YES_AGGRESSIVE;
				CLANG_CXX_LANGUAGE_STANDARD = "gnu++20";
				CLANG_ENABLE_MODULES = YES;
				CLANG_ENABLE_OBJC_ARC = YES;
				CLANG_ENABLE_OBJC_WEAK = YES;
				CLANG_WARN_BLOCK_CAPTURE_AUTORELEASING = YES;
				CLANG_WARN_BOOL_CONVERSION = YES;
				CLANG_WARN_COMMA = YES;
				CLANG_WARN_CONSTANT_CONVERSION = YES;
				CLANG_WARN_DEPRECATED_OBJC_IMPLEMENTATIONS = YES;
				CLANG_WARN_DIRECT_OBJC_ISA_USAGE = YES_ERROR;
				CLANG_WARN_DOCUMENTATION_COMMENTS = YES;
				CLANG_WARN_EMPTY_BODY = YES;
				CLANG_WARN_ENUM_CONVERSION = YES;
				CLANG_WARN_INFINITE_RECURSION = YES;
				CLANG_WARN_INT_CONVERSION = YES;
				CLANG_WARN_NON_LITERAL_NULL_CONVERSION = YES;
				CLANG_WARN_OBJC_IMPLICIT_RETAIN_SELF = YES;
				CLANG_WARN_OBJC_LITERAL_CONVERSION = YES;
				CLANG_WARN_OBJC_ROOT_CLASS = YES_ERROR;
				CLANG_WARN_QUOTED_INCLUDE_IN_FRAMEWORK_HEADER = YES;
				CLANG_WARN_RANGE_LOOP_ANALYSIS = YES;
				CLANG_WARN_STRICT_PROTOTYPES = YES;
				CLANG_WARN_SUSPICIOUS_MOVE = YES;
				CLANG_WARN_UNGUARDED_AVAILABILITY = YES_AGGRESSIVE;
				CLANG_WARN_UNREACHABLE_CODE = YES;
				CLANG_WARN__DUPLICATE_METHOD_MATCH = YES;
				COPY_PHASE_STRIP = NO;
				DEBUG_INFORMATION_FORMAT = dwarf;
				ENABLE_STRICT_OBJC_MSGSEND = YES;
				ENABLE_TESTABILITY = YES;
				ENABLE_USER_SCRIPT_SANDBOXING = YES;
				GCC_C_LANGUAGE_STANDARD = gnu17;
				GCC_DYNAMIC_NO_PIC = NO;
				GCC_NO_COMMON_BLOCKS = YES;
				GCC_OPTIMIZATION_LEVEL = 0;
				GCC_PREPROCESSOR_DEFINITIONS = (
					"DEBUG=1",
					"$(inherited)",
				);
				GCC_WARN_64_TO_32_BIT_CONVERSION = YES;
				GCC_WARN_ABOUT_RETURN_TYPE = YES_ERROR;
				GCC_WARN_UNDECLARED_SELECTOR = YES;
				GCC_WARN_UNINITIALIZED_AUTOS = YES_AGGRESSIVE;
				GCC_WARN_UNUSED_FUNCTION = YES;
				GCC_WARN_UNUSED_VARIABLE = YES;
				IPHONEOS_DEPLOYMENT_TARGET = 17.2;
				LOCALIZATION_PREFERS_STRING_CATALOGS = YES;
				MTL_ENABLE_DEBUG_INFO = INCLUDE_SOURCE;
				MTL_FAST_MATH = YES;
				ONLY_ACTIVE_ARCH = YES;
				SDKROOT = iphoneos;
				SWIFT_ACTIVE_COMPILATION_CONDITIONS = "DEBUG $(inherited)";
				SWIFT_OPTIMIZATION_LEVEL = "-Onone";
			};
			name = Debug;
		};
		B064F0B02B96735E00C3C514 /* Release */ = {
			isa = XCBuildConfiguration;
			buildSettings = {
				ALWAYS_SEARCH_USER_PATHS = NO;
				ASSETCATALOG_COMPILER_GENERATE_SWIFT_ASSET_SYMBOL_EXTENSIONS = YES;
				CLANG_ANALYZER_NONNULL = YES;
				CLANG_ANALYZER_NUMBER_OBJECT_CONVERSION = YES_AGGRESSIVE;
				CLANG_CXX_LANGUAGE_STANDARD = "gnu++20";
				CLANG_ENABLE_MODULES = YES;
				CLANG_ENABLE_OBJC_ARC = YES;
				CLANG_ENABLE_OBJC_WEAK = YES;
				CLANG_WARN_BLOCK_CAPTURE_AUTORELEASING = YES;
				CLANG_WARN_BOOL_CONVERSION = YES;
				CLANG_WARN_COMMA = YES;
				CLANG_WARN_CONSTANT_CONVERSION = YES;
				CLANG_WARN_DEPRECATED_OBJC_IMPLEMENTATIONS = YES;
				CLANG_WARN_DIRECT_OBJC_ISA_USAGE = YES_ERROR;
				CLANG_WARN_DOCUMENTATION_COMMENTS = YES;
				CLANG_WARN_EMPTY_BODY = YES;
				CLANG_WARN_ENUM_CONVERSION = YES;
				CLANG_WARN_INFINITE_RECURSION = YES;
				CLANG_WARN_INT_CONVERSION = YES;
				CLANG_WARN_NON_LITERAL_NULL_CONVERSION = YES;
				CLANG_WARN_OBJC_IMPLICIT_RETAIN_SELF = YES;
				CLANG_WARN_OBJC_LITERAL_CONVERSION = YES;
				CLANG_WARN_OBJC_ROOT_CLASS = YES_ERROR;
				CLANG_WARN_QUOTED_INCLUDE_IN_FRAMEWORK_HEADER = YES;
				CLANG_WARN_RANGE_LOOP_ANALYSIS = YES;
				CLANG_WARN_STRICT_PROTOTYPES = YES;
				CLANG_WARN_SUSPICIOUS_MOVE = YES;
				CLANG_WARN_UNGUARDED_AVAILABILITY = YES_AGGRESSIVE;
				CLANG_WARN_UNREACHABLE_CODE = YES;
				CLANG_WARN__DUPLICATE_METHOD_MATCH = YES;
				COPY_PHASE_STRIP = NO;
				DEBUG_INFORMATION_FORMAT = "dwarf-with-dsym";
				ENABLE_NS_ASSERTIONS = NO;
				ENABLE_STRICT_OBJC_MSGSEND = YES;
				ENABLE_USER_SCRIPT_SANDBOXING = YES;
				GCC_C_LANGUAGE_STANDARD = gnu17;
				GCC_NO_COMMON_BLOCKS = YES;
				GCC_WARN_64_TO_32_BIT_CONVERSION = YES;
				GCC_WARN_ABOUT_RETURN_TYPE = YES_ERROR;
				GCC_WARN_UNDECLARED_SELECTOR = YES;
				GCC_WARN_UNINITIALIZED_AUTOS = YES_AGGRESSIVE;
				GCC_WARN_UNUSED_FUNCTION = YES;
				GCC_WARN_UNUSED_VARIABLE = YES;
				IPHONEOS_DEPLOYMENT_TARGET = 17.2;
				LOCALIZATION_PREFERS_STRING_CATALOGS = YES;
				MTL_ENABLE_DEBUG_INFO = NO;
				MTL_FAST_MATH = YES;
				SDKROOT = iphoneos;
				SWIFT_COMPILATION_MODE = wholemodule;
				VALIDATE_PRODUCT = YES;
			};
			name = Release;
		};
		B064F0B22B96735E00C3C514 /* Debug */ = {
			isa = XCBuildConfiguration;
			buildSettings = {
				ASSETCATALOG_COMPILER_APPICON_NAME = AppIcon;
				ASSETCATALOG_COMPILER_GLOBAL_ACCENT_COLOR_NAME = AccentColor;
				CODE_SIGN_STYLE = Automatic;
				CURRENT_PROJECT_VERSION = 1;
				DEVELOPMENT_TEAM = B9ZPR786BL;
				GENERATE_INFOPLIST_FILE = YES;
				INFOPLIST_FILE = DevProfile/Info.plist;
				INFOPLIST_KEY_UIApplicationSupportsIndirectInputEvents = YES;
				INFOPLIST_KEY_UILaunchStoryboardName = LaunchScreen;
				INFOPLIST_KEY_UISupportedInterfaceOrientations_iPad = "UIInterfaceOrientationPortrait UIInterfaceOrientationPortraitUpsideDown UIInterfaceOrientationLandscapeLeft UIInterfaceOrientationLandscapeRight";
				INFOPLIST_KEY_UISupportedInterfaceOrientations_iPhone = "UIInterfaceOrientationPortrait UIInterfaceOrientationLandscapeLeft UIInterfaceOrientationLandscapeRight";
				LD_RUNPATH_SEARCH_PATHS = (
					"$(inherited)",
					"@executable_path/Frameworks",
				);
				MARKETING_VERSION = 1.0;
				PRODUCT_BUNDLE_IDENTIFIER = erenoske.com.DevProfile;
				PRODUCT_NAME = "$(TARGET_NAME)";
				SWIFT_EMIT_LOC_STRINGS = YES;
				SWIFT_VERSION = 5.0;
				TARGETED_DEVICE_FAMILY = "1,2";
			};
			name = Debug;
		};
		B064F0B32B96735E00C3C514 /* Release */ = {
			isa = XCBuildConfiguration;
			buildSettings = {
				ASSETCATALOG_COMPILER_APPICON_NAME = AppIcon;
				ASSETCATALOG_COMPILER_GLOBAL_ACCENT_COLOR_NAME = AccentColor;
				CODE_SIGN_STYLE = Automatic;
				CURRENT_PROJECT_VERSION = 1;
				DEVELOPMENT_TEAM = B9ZPR786BL;
				GENERATE_INFOPLIST_FILE = YES;
				INFOPLIST_FILE = DevProfile/Info.plist;
				INFOPLIST_KEY_UIApplicationSupportsIndirectInputEvents = YES;
				INFOPLIST_KEY_UILaunchStoryboardName = LaunchScreen;
				INFOPLIST_KEY_UISupportedInterfaceOrientations_iPad = "UIInterfaceOrientationPortrait UIInterfaceOrientationPortraitUpsideDown UIInterfaceOrientationLandscapeLeft UIInterfaceOrientationLandscapeRight";
				INFOPLIST_KEY_UISupportedInterfaceOrientations_iPhone = "UIInterfaceOrientationPortrait UIInterfaceOrientationLandscapeLeft UIInterfaceOrientationLandscapeRight";
				LD_RUNPATH_SEARCH_PATHS = (
					"$(inherited)",
					"@executable_path/Frameworks",
				);
				MARKETING_VERSION = 1.0;
				PRODUCT_BUNDLE_IDENTIFIER = erenoske.com.DevProfile;
				PRODUCT_NAME = "$(TARGET_NAME)";
				SWIFT_EMIT_LOC_STRINGS = YES;
				SWIFT_VERSION = 5.0;
				TARGETED_DEVICE_FAMILY = "1,2";
			};
			name = Release;
		};
/* End XCBuildConfiguration section */

/* Begin XCConfigurationList section */
		B064F0982B96735C00C3C514 /* Build configuration list for PBXProject "DevProfile" */ = {
			isa = XCConfigurationList;
			buildConfigurations = (
				B064F0AF2B96735E00C3C514 /* Debug */,
				B064F0B02B96735E00C3C514 /* Release */,
			);
			defaultConfigurationIsVisible = 0;
			defaultConfigurationName = Release;
		};
		B064F0B12B96735E00C3C514 /* Build configuration list for PBXNativeTarget "DevProfile" */ = {
			isa = XCConfigurationList;
			buildConfigurations = (
				B064F0B22B96735E00C3C514 /* Debug */,
				B064F0B32B96735E00C3C514 /* Release */,
			);
			defaultConfigurationIsVisible = 0;
			defaultConfigurationName = Release;
		};
/* End XCConfigurationList section */

/* Begin XCRemoteSwiftPackageReference section */
		B0AAEF3E2B9D5338006D81AC /* XCRemoteSwiftPackageReference "SDWebImage" */ = {
			isa = XCRemoteSwiftPackageReference;
			repositoryURL = "https://github.com/SDWebImage/SDWebImage";
			requirement = {
				kind = upToNextMajorVersion;
				minimumVersion = 5.19.0;
			};
		};
/* End XCRemoteSwiftPackageReference section */

/* Begin XCSwiftPackageProductDependency section */
		B0AAEF3F2B9D5338006D81AC /* SDWebImage */ = {
			isa = XCSwiftPackageProductDependency;
			package = B0AAEF3E2B9D5338006D81AC /* XCRemoteSwiftPackageReference "SDWebImage" */;
			productName = SDWebImage;
		};
		B0AAEF412B9D5338006D81AC /* SDWebImageMapKit */ = {
			isa = XCSwiftPackageProductDependency;
			package = B0AAEF3E2B9D5338006D81AC /* XCRemoteSwiftPackageReference "SDWebImage" */;
			productName = SDWebImageMapKit;
		};
/* End XCSwiftPackageProductDependency section */
	};
	rootObject = B064F0952B96735C00C3C514 /* Project object */;
}
